
Microsoft Visual Studio Solution File, Format Version 12.00
# Visual Studio Version 16
VisualStudioVersion = 16.0.29326.143
MinimumVisualStudioVersion = 10.0.40219.1
Project("{FAE04EC0-301F-11D3-BF4B-00C04F79EFBC}") = "DatabasesCore", "DatabasesCore\DatabasesCore.csproj", "{B73FB50E-6445-4874-BED4-488FFE2F1098}"
EndProject
Global
	GlobalSection(SolutionConfigurationPlatforms) = preSolution
		Debug|Any CPU = Debug|Any CPU
		Release|Any CPU = Release|Any CPU
	EndGlobalSection
	GlobalSection(ProjectConfigurationPlatforms) = postSolution
		{B73FB50E-6445-4874-BED4-488FFE2F1098}.Debug|Any CPU.ActiveCfg = Debug|Any CPU
		{B73FB50E-6445-4874-BED4-488FFE2F1098}.Debug|Any CPU.Build.0 = Debug|Any CPU
		{B73FB50E-6445-4874-BED4-488FFE2F1098}.Release|Any CPU.ActiveCfg = Release|Any CPU
		{B73FB50E-6445-4874-BED4-488FFE2F1098}.Release|Any CPU.Build.0 = Release|Any CPU
	EndGlobalSection
	GlobalSection(SolutionProperties) = preSolution
		HideSolutionNode = FALSE
	EndGlobalSection
	GlobalSection(ExtensibilityGlobals) = postSolution
		SolutionGuid = {A14DD05E-5B49-4474-BDE6-0760EC8B3A0B}
	EndGlobalSection
EndGlobal
